
Microsoft Visual Studio Solution File, Format Version 12.00
# Visual Studio Version 17
VisualStudioVersion = 17.14.36408.4 d17.14
MinimumVisualStudioVersion = 10.0.40219.1
Project("{FAE04EC0-301F-11D3-BF4B-00C04F79EFBC}") = "CustomizeAuthAppJWT", "CustomizeAuthAppJWT\CustomizeAuthAppJWT.csproj", "{A5D2DB09-B807-4B38-A7BA-0C0E3C16EEB0}"
EndProject
Global
	GlobalSection(SolutionConfigurationPlatforms) = preSolution
		Debug|Any CPU = Debug|Any CPU
		Release|Any CPU = Release|Any CPU
	EndGlobalSection
	GlobalSection(ProjectConfigurationPlatforms) = postSolution
		{A5D2DB09-B807-4B38-A7BA-0C0E3C16EEB0}.Debug|Any CPU.ActiveCfg = Debug|Any CPU
		{A5D2DB09-B807-4B38-A7BA-0C0E3C16EEB0}.Debug|Any CPU.Build.0 = Debug|Any CPU
		{A5D2DB09-B807-4B38-A7BA-0C0E3C16EEB0}.Release|Any CPU.ActiveCfg = Release|Any CPU
		{A5D2DB09-B807-4B38-A7BA-0C0E3C16EEB0}.Release|Any CPU.Build.0 = Release|Any CPU
	EndGlobalSection
	GlobalSection(SolutionProperties) = preSolution
		HideSolutionNode = FALSE
	EndGlobalSection
	GlobalSection(ExtensibilityGlobals) = postSolution
		SolutionGuid = {D4DD83B8-2BDE-47EB-B3B9-6D4204901AFE}
	EndGlobalSection
EndGlobal
